{
  "name": "housing-manager",
  "version": "0.1.0",
  "lockfileVersion": 1,
  "dependencies": {
    "@types/angular": {
      "version": "1.6.26",
      "resolved": "https://registry.npmjs.org/@types/angular/-/angular-1.6.26.tgz",
      "integrity": "sha512-PdoZ2kKe2AytqVSReTdqYV1Wxqf70zREnys+kCeAh0wUMXOZboA1IFzqcKOxUMRGEL2npbfCCiv2FJBOaOCdNA==",
      "dev": true
    },
    "@types/angular-route": {
      "version": "1.3.4",
      "resolved": "https://registry.npmjs.org/@types/angular-route/-/angular-route-1.3.4.tgz",
      "integrity": "sha512-92OQR2FmH4whfVfvCZmZYkih8zKlRBXgsgs39dUv3YlVsjRgjByweMFA8N2Qh9zpDul5gQCFvQCajGrYqxyn4A==",
      "dev": true
    },
    "angular": {
      "version": "1.6.5",
      "resolved": "https://registry.npmjs.org/angular/-/angular-1.6.5.tgz",
      "integrity": "sha1-N/eI7r7Fzi4/oCsXu8sqIxV2oNY="
    },
    "angular-route": {
      "version": "1.6.5",
      "resolved": "https://registry.npmjs.org/angular-route/-/angular-route-1.6.5.tgz",
      "integrity": "sha1-r0VZMpn1WHTQJhAYrbEVIKOBfSo="
    }
  }
}
