
Microsoft Visual Studio Solution File, Format Version 12.00
# Visual Studio 15
VisualStudioVersion = 15.0.26430.15
MinimumVisualStudioVersion = 10.0.40219.1
Project("{FAE04EC0-301F-11D3-BF4B-00C04F79EFBC}") = "HousingManager.Data.Service", "HousingManager.Data.Service\HousingManager.Data.Service.csproj", "{0E356B22-89E1-42E4-8CA1-7148C9AA9241}"
EndProject
Project("{FAE04EC0-301F-11D3-BF4B-00C04F79EFBC}") = "HousingManager.Data.Library", "HousingManager.Data.Library\HousingManager.Data.Library.csproj", "{FF2EA43C-E758-4A24-913B-5C7B5819399E}"
EndProject
Project("{FAE04EC0-301F-11D3-BF4B-00C04F79EFBC}") = "HousingManager.Data.Tests", "HousingManager.Data.Tests\HousingManager.Data.Tests.csproj", "{C44A8AD7-6EC0-4D72-AF59-31B37ECC47A1}"
EndProject
Global
	GlobalSection(SolutionConfigurationPlatforms) = preSolution
		Debug|Any CPU = Debug|Any CPU
		Release|Any CPU = Release|Any CPU
	EndGlobalSection
	GlobalSection(ProjectConfigurationPlatforms) = postSolution
		{0E356B22-89E1-42E4-8CA1-7148C9AA9241}.Debug|Any CPU.ActiveCfg = Debug|Any CPU
		{0E356B22-89E1-42E4-8CA1-7148C9AA9241}.Debug|Any CPU.Build.0 = Debug|Any CPU
		{0E356B22-89E1-42E4-8CA1-7148C9AA9241}.Release|Any CPU.ActiveCfg = Release|Any CPU
		{0E356B22-89E1-42E4-8CA1-7148C9AA9241}.Release|Any CPU.Build.0 = Release|Any CPU
		{FF2EA43C-E758-4A24-913B-5C7B5819399E}.Debug|Any CPU.ActiveCfg = Debug|Any CPU
		{FF2EA43C-E758-4A24-913B-5C7B5819399E}.Debug|Any CPU.Build.0 = Debug|Any CPU
		{FF2EA43C-E758-4A24-913B-5C7B5819399E}.Release|Any CPU.ActiveCfg = Release|Any CPU
		{FF2EA43C-E758-4A24-913B-5C7B5819399E}.Release|Any CPU.Build.0 = Release|Any CPU
		{C44A8AD7-6EC0-4D72-AF59-31B37ECC47A1}.Debug|Any CPU.ActiveCfg = Debug|Any CPU
		{C44A8AD7-6EC0-4D72-AF59-31B37ECC47A1}.Debug|Any CPU.Build.0 = Debug|Any CPU
		{C44A8AD7-6EC0-4D72-AF59-31B37ECC47A1}.Release|Any CPU.ActiveCfg = Release|Any CPU
		{C44A8AD7-6EC0-4D72-AF59-31B37ECC47A1}.Release|Any CPU.Build.0 = Release|Any CPU
	EndGlobalSection
	GlobalSection(SolutionProperties) = preSolution
		HideSolutionNode = FALSE
	EndGlobalSection
EndGlobal
